
Microsoft Visual Studio Solution File, Format Version 12.00
# Visual Studio Version 16
VisualStudioVersion = 16.0.32126.315
MinimumVisualStudioVersion = 10.0.40219.1
Project("{FAE04EC0-301F-11D3-BF4B-00C04F79EFBC}") = "Strings And Integers", "Strings And Integers\Strings And Integers.csproj", "{AD709A53-6F50-46B4-89E7-29C957138465}"
EndProject
Global
	GlobalSection(SolutionConfigurationPlatforms) = preSolution
		Debug|Any CPU = Debug|Any CPU
		Release|Any CPU = Release|Any CPU
	EndGlobalSection
	GlobalSection(ProjectConfigurationPlatforms) = postSolution
		{AD709A53-6F50-46B4-89E7-29C957138465}.Debug|Any CPU.ActiveCfg = Debug|Any CPU
		{AD709A53-6F50-46B4-89E7-29C957138465}.Debug|Any CPU.Build.0 = Debug|Any CPU
		{AD709A53-6F50-46B4-89E7-29C957138465}.Release|Any CPU.ActiveCfg = Release|Any CPU
		{AD709A53-6F50-46B4-89E7-29C957138465}.Release|Any CPU.Build.0 = Release|Any CPU
	EndGlobalSection
	GlobalSection(SolutionProperties) = preSolution
		HideSolutionNode = FALSE
	EndGlobalSection
	GlobalSection(ExtensibilityGlobals) = postSolution
		SolutionGuid = {3A1CD5A4-A14C-4DD6-B821-942A840B6D43}
	EndGlobalSection
EndGlobal
