
Microsoft Visual Studio Solution File, Format Version 12.00
# Visual Studio Version 16
VisualStudioVersion = 16.0.32126.315
MinimumVisualStudioVersion = 10.0.40219.1
Project("{FAE04EC0-301F-11D3-BF4B-00C04F79EFBC}") = "Boolean Comparisons", "Boolean Comparisons\Boolean Comparisons.csproj", "{C2EF0484-AC03-40C1-B68E-F2EB805B8862}"
EndProject
Global
	GlobalSection(SolutionConfigurationPlatforms) = preSolution
		Debug|Any CPU = Debug|Any CPU
		Release|Any CPU = Release|Any CPU
	EndGlobalSection
	GlobalSection(ProjectConfigurationPlatforms) = postSolution
		{C2EF0484-AC03-40C1-B68E-F2EB805B8862}.Debug|Any CPU.ActiveCfg = Debug|Any CPU
		{C2EF0484-AC03-40C1-B68E-F2EB805B8862}.Debug|Any CPU.Build.0 = Debug|Any CPU
		{C2EF0484-AC03-40C1-B68E-F2EB805B8862}.Release|Any CPU.ActiveCfg = Release|Any CPU
		{C2EF0484-AC03-40C1-B68E-F2EB805B8862}.Release|Any CPU.Build.0 = Release|Any CPU
	EndGlobalSection
	GlobalSection(SolutionProperties) = preSolution
		HideSolutionNode = FALSE
	EndGlobalSection
	GlobalSection(ExtensibilityGlobals) = postSolution
		SolutionGuid = {D8D63557-B97B-4E74-A86E-143B7C39B84C}
	EndGlobalSection
EndGlobal
