
Microsoft Visual Studio Solution File, Format Version 12.00
# Visual Studio Version 16
VisualStudioVersion = 16.0.32126.315
MinimumVisualStudioVersion = 10.0.40219.1
Project("{FAE04EC0-301F-11D3-BF4B-00C04F79EFBC}") = "ParsingEnums", "ParsingEnums\ParsingEnums.csproj", "{5DFEAF36-6916-4F4E-80D4-D4A63F9C69E5}"
EndProject
Global
	GlobalSection(SolutionConfigurationPlatforms) = preSolution
		Debug|Any CPU = Debug|Any CPU
		Release|Any CPU = Release|Any CPU
	EndGlobalSection
	GlobalSection(ProjectConfigurationPlatforms) = postSolution
		{5DFEAF36-6916-4F4E-80D4-D4A63F9C69E5}.Debug|Any CPU.ActiveCfg = Debug|Any CPU
		{5DFEAF36-6916-4F4E-80D4-D4A63F9C69E5}.Debug|Any CPU.Build.0 = Debug|Any CPU
		{5DFEAF36-6916-4F4E-80D4-D4A63F9C69E5}.Release|Any CPU.ActiveCfg = Release|Any CPU
		{5DFEAF36-6916-4F4E-80D4-D4A63F9C69E5}.Release|Any CPU.Build.0 = Release|Any CPU
	EndGlobalSection
	GlobalSection(SolutionProperties) = preSolution
		HideSolutionNode = FALSE
	EndGlobalSection
	GlobalSection(ExtensibilityGlobals) = postSolution
		SolutionGuid = {C07B28DB-5715-448E-95A6-FE62ECE50B9D}
	EndGlobalSection
EndGlobal
