
Microsoft Visual Studio Solution File, Format Version 12.00
# Visual Studio Version 16
VisualStudioVersion = 16.0.32126.315
MinimumVisualStudioVersion = 10.0.40219.1
Project("{FAE04EC0-301F-11D3-BF4B-00C04F79EFBC}") = "LambdaSubmission", "LambdaSubmission\LambdaSubmission.csproj", "{678E5F34-45E1-4282-B037-FE3C5893B262}"
EndProject
Global
	GlobalSection(SolutionConfigurationPlatforms) = preSolution
		Debug|Any CPU = Debug|Any CPU
		Release|Any CPU = Release|Any CPU
	EndGlobalSection
	GlobalSection(ProjectConfigurationPlatforms) = postSolution
		{678E5F34-45E1-4282-B037-FE3C5893B262}.Debug|Any CPU.ActiveCfg = Debug|Any CPU
		{678E5F34-45E1-4282-B037-FE3C5893B262}.Debug|Any CPU.Build.0 = Debug|Any CPU
		{678E5F34-45E1-4282-B037-FE3C5893B262}.Release|Any CPU.ActiveCfg = Release|Any CPU
		{678E5F34-45E1-4282-B037-FE3C5893B262}.Release|Any CPU.Build.0 = Release|Any CPU
	EndGlobalSection
	GlobalSection(SolutionProperties) = preSolution
		HideSolutionNode = FALSE
	EndGlobalSection
	GlobalSection(ExtensibilityGlobals) = postSolution
		SolutionGuid = {19CAF748-A48F-4905-ADEF-B6890798BE0F}
	EndGlobalSection
EndGlobal
