
Microsoft Visual Studio Solution File, Format Version 12.00
# Visual Studio Version 16
VisualStudioVersion = 16.0.32126.315
MinimumVisualStudioVersion = 10.0.40219.1
Project("{FAE04EC0-301F-11D3-BF4B-00C04F79EFBC}") = "FourthCalc", "FourthCalc\FourthCalc.csproj", "{92F9BB96-4630-4C87-9909-78EDAAB81E08}"
EndProject
Global
	GlobalSection(SolutionConfigurationPlatforms) = preSolution
		Debug|Any CPU = Debug|Any CPU
		Release|Any CPU = Release|Any CPU
	EndGlobalSection
	GlobalSection(ProjectConfigurationPlatforms) = postSolution
		{92F9BB96-4630-4C87-9909-78EDAAB81E08}.Debug|Any CPU.ActiveCfg = Debug|Any CPU
		{92F9BB96-4630-4C87-9909-78EDAAB81E08}.Debug|Any CPU.Build.0 = Debug|Any CPU
		{92F9BB96-4630-4C87-9909-78EDAAB81E08}.Release|Any CPU.ActiveCfg = Release|Any CPU
		{92F9BB96-4630-4C87-9909-78EDAAB81E08}.Release|Any CPU.Build.0 = Release|Any CPU
	EndGlobalSection
	GlobalSection(SolutionProperties) = preSolution
		HideSolutionNode = FALSE
	EndGlobalSection
	GlobalSection(ExtensibilityGlobals) = postSolution
		SolutionGuid = {A703F513-6F6D-4D13-8F61-1DD1782555F0}
	EndGlobalSection
EndGlobal
