
Microsoft Visual Studio Solution File, Format Version 12.00
# Visual Studio Version 16
VisualStudioVersion = 16.0.32126.315
MinimumVisualStudioVersion = 10.0.40219.1
Project("{FAE04EC0-301F-11D3-BF4B-00C04F79EFBC}") = "SecondCalc", "SecondCalc\SecondCalc.csproj", "{F5A4875F-32D4-4239-ABCB-B24D6D55D33C}"
EndProject
Global
	GlobalSection(SolutionConfigurationPlatforms) = preSolution
		Debug|Any CPU = Debug|Any CPU
		Release|Any CPU = Release|Any CPU
	EndGlobalSection
	GlobalSection(ProjectConfigurationPlatforms) = postSolution
		{F5A4875F-32D4-4239-ABCB-B24D6D55D33C}.Debug|Any CPU.ActiveCfg = Debug|Any CPU
		{F5A4875F-32D4-4239-ABCB-B24D6D55D33C}.Debug|Any CPU.Build.0 = Debug|Any CPU
		{F5A4875F-32D4-4239-ABCB-B24D6D55D33C}.Release|Any CPU.ActiveCfg = Release|Any CPU
		{F5A4875F-32D4-4239-ABCB-B24D6D55D33C}.Release|Any CPU.Build.0 = Release|Any CPU
	EndGlobalSection
	GlobalSection(SolutionProperties) = preSolution
		HideSolutionNode = FALSE
	EndGlobalSection
	GlobalSection(ExtensibilityGlobals) = postSolution
		SolutionGuid = {6624FF9D-7271-4550-A14D-EF781133D3F9}
	EndGlobalSection
EndGlobal
