
Microsoft Visual Studio Solution File, Format Version 12.00
# Visual Studio Version 16
VisualStudioVersion = 16.0.32126.315
MinimumVisualStudioVersion = 10.0.40219.1
Project("{FAE04EC0-301F-11D3-BF4B-00C04F79EFBC}") = "FifthCalc", "FifthCalc\FifthCalc.csproj", "{318A7AB1-71CE-46C6-83AC-F6A6124C230E}"
EndProject
Global
	GlobalSection(SolutionConfigurationPlatforms) = preSolution
		Debug|Any CPU = Debug|Any CPU
		Release|Any CPU = Release|Any CPU
	EndGlobalSection
	GlobalSection(ProjectConfigurationPlatforms) = postSolution
		{318A7AB1-71CE-46C6-83AC-F6A6124C230E}.Debug|Any CPU.ActiveCfg = Debug|Any CPU
		{318A7AB1-71CE-46C6-83AC-F6A6124C230E}.Debug|Any CPU.Build.0 = Debug|Any CPU
		{318A7AB1-71CE-46C6-83AC-F6A6124C230E}.Release|Any CPU.ActiveCfg = Release|Any CPU
		{318A7AB1-71CE-46C6-83AC-F6A6124C230E}.Release|Any CPU.Build.0 = Release|Any CPU
	EndGlobalSection
	GlobalSection(SolutionProperties) = preSolution
		HideSolutionNode = FALSE
	EndGlobalSection
	GlobalSection(ExtensibilityGlobals) = postSolution
		SolutionGuid = {881EA9AD-0BE3-4D5A-BF13-1FCBF4494006}
	EndGlobalSection
EndGlobal
