
Microsoft Visual Studio Solution File, Format Version 12.00
# Visual Studio Version 16
VisualStudioVersion = 16.0.32126.315
MinimumVisualStudioVersion = 10.0.40219.1
Project("{FAE04EC0-301F-11D3-BF4B-00C04F79EFBC}") = "FirstCalc", "FirstCalc\FirstCalc.csproj", "{6D3A257A-E00E-4CB7-984E-CEA9945730BA}"
EndProject
Global
	GlobalSection(SolutionConfigurationPlatforms) = preSolution
		Debug|Any CPU = Debug|Any CPU
		Release|Any CPU = Release|Any CPU
	EndGlobalSection
	GlobalSection(ProjectConfigurationPlatforms) = postSolution
		{6D3A257A-E00E-4CB7-984E-CEA9945730BA}.Debug|Any CPU.ActiveCfg = Debug|Any CPU
		{6D3A257A-E00E-4CB7-984E-CEA9945730BA}.Debug|Any CPU.Build.0 = Debug|Any CPU
		{6D3A257A-E00E-4CB7-984E-CEA9945730BA}.Release|Any CPU.ActiveCfg = Release|Any CPU
		{6D3A257A-E00E-4CB7-984E-CEA9945730BA}.Release|Any CPU.Build.0 = Release|Any CPU
	EndGlobalSection
	GlobalSection(SolutionProperties) = preSolution
		HideSolutionNode = FALSE
	EndGlobalSection
	GlobalSection(ExtensibilityGlobals) = postSolution
		SolutionGuid = {74B2DFD8-67E6-4193-A17C-F0C158F954B4}
	EndGlobalSection
EndGlobal
